
Microsoft Visual Studio Solution File, Format Version 12.00
# Visual Studio 15
VisualStudioVersion = 15.0.28307.438
MinimumVisualStudioVersion = 10.0.40219.1
Project("{FAE04EC0-301F-11D3-BF4B-00C04F79EFBC}") = "NTierProject.UI", "NTierProject.UI\NTierProject.UI.csproj", "{D95CDC5C-8CDD-4A4E-9D54-FD9C251F3894}"
EndProject
Global
	GlobalSection(SolutionConfigurationPlatforms) = preSolution
		Debug|Any CPU = Debug|Any CPU
		Release|Any CPU = Release|Any CPU
	EndGlobalSection
	GlobalSection(ProjectConfigurationPlatforms) = postSolution
		{D95CDC5C-8CDD-4A4E-9D54-FD9C251F3894}.Debug|Any CPU.ActiveCfg = Debug|Any CPU
		{D95CDC5C-8CDD-4A4E-9D54-FD9C251F3894}.Debug|Any CPU.Build.0 = Debug|Any CPU
		{D95CDC5C-8CDD-4A4E-9D54-FD9C251F3894}.Release|Any CPU.ActiveCfg = Release|Any CPU
		{D95CDC5C-8CDD-4A4E-9D54-FD9C251F3894}.Release|Any CPU.Build.0 = Release|Any CPU
	EndGlobalSection
	GlobalSection(SolutionProperties) = preSolution
		HideSolutionNode = FALSE
	EndGlobalSection
	GlobalSection(ExtensibilityGlobals) = postSolution
		SolutionGuid = {00DBCE28-0DF1-4C7D-B6F9-0991CDE03718}
	EndGlobalSection
EndGlobal
